
Microsoft Visual Studio Solution File, Format Version 12.00
# Visual Studio Version 17
VisualStudioVersion = 17.4.33213.308
MinimumVisualStudioVersion = 10.0.40219.1
Project("{9A19103F-16F7-4668-BE54-9A1E7A4F7556}") = "Arora.Blazor.ComponentWrapper", "Arora.Blazor.ComponentWrapper.csproj", "{ECA8661E-B7FB-4F81-86FC-B0FD8C12CB40}"
EndProject
Global
	GlobalSection(SolutionConfigurationPlatforms) = preSolution
		Debug|Any CPU = Debug|Any CPU
		Release|Any CPU = Release|Any CPU
	EndGlobalSection
	GlobalSection(ProjectConfigurationPlatforms) = postSolution
		{ECA8661E-B7FB-4F81-86FC-B0FD8C12CB40}.Debug|Any CPU.ActiveCfg = Debug|Any CPU
		{ECA8661E-B7FB-4F81-86FC-B0FD8C12CB40}.Debug|Any CPU.Build.0 = Debug|Any CPU
		{ECA8661E-B7FB-4F81-86FC-B0FD8C12CB40}.Release|Any CPU.ActiveCfg = Release|Any CPU
		{ECA8661E-B7FB-4F81-86FC-B0FD8C12CB40}.Release|Any CPU.Build.0 = Release|Any CPU
	EndGlobalSection
	GlobalSection(SolutionProperties) = preSolution
		HideSolutionNode = FALSE
	EndGlobalSection
	GlobalSection(ExtensibilityGlobals) = postSolution
		SolutionGuid = {4A319214-300E-431E-8D33-7759402F35E2}
	EndGlobalSection
EndGlobal
